
Microsoft Visual Studio Solution File, Format Version 12.00
# Visual Studio Version 17
VisualStudioVersion = 17.13.35818.85 d17.13
MinimumVisualStudioVersion = 10.0.40219.1
Project("{FAE04EC0-301F-11D3-BF4B-00C04F79EFBC}") = "MortgageThingy", "MortgageThingy.csproj", "{BBC12222-9DCD-4D48-A8DF-70F583836C1C}"
EndProject
Global
	GlobalSection(SolutionConfigurationPlatforms) = preSolution
		Debug|Any CPU = Debug|Any CPU
		Release|Any CPU = Release|Any CPU
	EndGlobalSection
	GlobalSection(ProjectConfigurationPlatforms) = postSolution
		{BBC12222-9DCD-4D48-A8DF-70F583836C1C}.Debug|Any CPU.ActiveCfg = Debug|Any CPU
		{BBC12222-9DCD-4D48-A8DF-70F583836C1C}.Debug|Any CPU.Build.0 = Debug|Any CPU
		{BBC12222-9DCD-4D48-A8DF-70F583836C1C}.Release|Any CPU.ActiveCfg = Release|Any CPU
		{BBC12222-9DCD-4D48-A8DF-70F583836C1C}.Release|Any CPU.Build.0 = Release|Any CPU
	EndGlobalSection
	GlobalSection(SolutionProperties) = preSolution
		HideSolutionNode = FALSE
	EndGlobalSection
	GlobalSection(ExtensibilityGlobals) = postSolution
		SolutionGuid = {87EAAD4E-F40B-406C-85C5-B4C4858B0ADF}
	EndGlobalSection
EndGlobal
